<Solution>
  <Project Path="PiedraAzul/PiedraAzul.Application/PiedraAzul.Application.csproj" Id="c0dc7256-b220-42af-9a12-326ac0426ade" />
  <Project Path="PiedraAzul/PiedraAzul.Client/PiedraAzul.Client.csproj" />
  <Project Path="PiedraAzul/PiedraAzul.Contracts/PiedraAzul.Contracts.csproj" />
  <Project Path="PiedraAzul/PiedraAzul.Domain/PiedraAzul.Domain.csproj" Id="0a68bdd6-2561-46de-b9b4-e5f2d45c681b" />
  <Project Path="PiedraAzul/PiedraAzul.Infrastructure/PiedraAzul.Infrastructure.csproj" Id="eab814a1-3cce-480a-8fa8-e136d6063ede" />
  <Project Path="PiedraAzul/PiedraAzul.Test/PiedraAzul.Test.csproj" Id="1c8769c4-4777-484e-9477-3512f9cea038" />
  <Project Path="PiedraAzul/PiedraAzul/PiedraAzul.csproj" />
</Solution>
